
Microsoft Visual Studio Solution File, Format Version 12.00
# Visual Studio 15
VisualStudioVersion = 15.0.28307.271
MinimumVisualStudioVersion = 10.0.40219.1
Project("{888888A0-9F3D-457C-B088-3A5042F75D52}") = "BasicProject", "BasicProject\BasicProject.pyproj", "{60782EAA-06E6-4261-9A42-9A3F9A9F6891}"
EndProject
Global
	GlobalSection(SolutionConfigurationPlatforms) = preSolution
		Debug|Any CPU = Debug|Any CPU
		Release|Any CPU = Release|Any CPU
	EndGlobalSection
	GlobalSection(ProjectConfigurationPlatforms) = postSolution
		{60782EAA-06E6-4261-9A42-9A3F9A9F6891}.Debug|Any CPU.ActiveCfg = Debug|Any CPU
		{60782EAA-06E6-4261-9A42-9A3F9A9F6891}.Debug|Any CPU.Build.0 = Debug|Any CPU
		{60782EAA-06E6-4261-9A42-9A3F9A9F6891}.Release|Any CPU.ActiveCfg = Release|Any CPU
		{60782EAA-06E6-4261-9A42-9A3F9A9F6891}.Release|Any CPU.Build.0 = Release|Any CPU
	EndGlobalSection
	GlobalSection(SolutionProperties) = preSolution
		HideSolutionNode = FALSE
	EndGlobalSection
	GlobalSection(ExtensibilityGlobals) = postSolution
		SolutionGuid = {3BC9D2EF-C157-4E21-A82B-9478D999D517}
	EndGlobalSection
EndGlobal
